
Microsoft Visual Studio Solution File, Format Version 12.00
# Visual Studio 15
VisualStudioVersion = 15.0.28307.572
MinimumVisualStudioVersion = 10.0.40219.1
Project("{FAE04EC0-301F-11D3-BF4B-00C04F79EFBC}") = "ExpenseManagerAuth", "ExpenseManagerAuth\ExpenseManagerAuth.csproj", "{8111F902-A2E3-4071-9854-BE15A122F775}"
EndProject
Global
	GlobalSection(SolutionConfigurationPlatforms) = preSolution
		Debug|Any CPU = Debug|Any CPU
		Release|Any CPU = Release|Any CPU
	EndGlobalSection
	GlobalSection(ProjectConfigurationPlatforms) = postSolution
		{8111F902-A2E3-4071-9854-BE15A122F775}.Debug|Any CPU.ActiveCfg = Debug|Any CPU
		{8111F902-A2E3-4071-9854-BE15A122F775}.Debug|Any CPU.Build.0 = Debug|Any CPU
		{8111F902-A2E3-4071-9854-BE15A122F775}.Release|Any CPU.ActiveCfg = Release|Any CPU
		{8111F902-A2E3-4071-9854-BE15A122F775}.Release|Any CPU.Build.0 = Release|Any CPU
	EndGlobalSection
	GlobalSection(SolutionProperties) = preSolution
		HideSolutionNode = FALSE
	EndGlobalSection
	GlobalSection(ExtensibilityGlobals) = postSolution
		SolutionGuid = {9D19E337-C04E-42B8-9F7A-EC5499BA39B8}
	EndGlobalSection
EndGlobal
